
Microsoft Visual Studio Solution File, Format Version 12.00
# Visual Studio Version 17
VisualStudioVersion = 17.6.33829.357
MinimumVisualStudioVersion = 10.0.40219.1
Project("{FAE04EC0-301F-11D3-BF4B-00C04F79EFBC}") = "Wk2_CSS", "Wk2_CSS\Wk2_CSS.csproj", "{BE25414A-D9EF-417C-8F44-B51E7011FEAB}"
EndProject
Project("{FAE04EC0-301F-11D3-BF4B-00C04F79EFBC}") = "Wk2_CSS.Tests", "Wk2_CSS.Tests\Wk2_CSS.Tests.csproj", "{23A7DF70-38D1-4DCB-ADF9-A9B132915292}"
EndProject
Global
	GlobalSection(SolutionConfigurationPlatforms) = preSolution
		Debug|Any CPU = Debug|Any CPU
		Release|Any CPU = Release|Any CPU
	EndGlobalSection
	GlobalSection(ProjectConfigurationPlatforms) = postSolution
		{BE25414A-D9EF-417C-8F44-B51E7011FEAB}.Debug|Any CPU.ActiveCfg = Debug|Any CPU
		{BE25414A-D9EF-417C-8F44-B51E7011FEAB}.Debug|Any CPU.Build.0 = Debug|Any CPU
		{BE25414A-D9EF-417C-8F44-B51E7011FEAB}.Release|Any CPU.ActiveCfg = Release|Any CPU
		{BE25414A-D9EF-417C-8F44-B51E7011FEAB}.Release|Any CPU.Build.0 = Release|Any CPU
		{23A7DF70-38D1-4DCB-ADF9-A9B132915292}.Debug|Any CPU.ActiveCfg = Debug|Any CPU
		{23A7DF70-38D1-4DCB-ADF9-A9B132915292}.Debug|Any CPU.Build.0 = Debug|Any CPU
		{23A7DF70-38D1-4DCB-ADF9-A9B132915292}.Release|Any CPU.ActiveCfg = Release|Any CPU
		{23A7DF70-38D1-4DCB-ADF9-A9B132915292}.Release|Any CPU.Build.0 = Release|Any CPU
	EndGlobalSection
	GlobalSection(SolutionProperties) = preSolution
		HideSolutionNode = FALSE
	EndGlobalSection
	GlobalSection(ExtensibilityGlobals) = postSolution
		SolutionGuid = {AD0DAE54-BC81-4725-8BCD-8CF2086A2A41}
	EndGlobalSection
EndGlobal
